
Microsoft Visual Studio Solution File, Format Version 12.00
# Visual Studio 14
VisualStudioVersion = 14.0.25420.1
MinimumVisualStudioVersion = 10.0.40219.1
Project("{FAE04EC0-301F-11D3-BF4B-00C04F79EFBC}") = "Task_1", "Task_1\Task_1.csproj", "{DBC7618C-3521-48A7-8A56-F6EB90CA2E2E}"
EndProject
Project("{FAE04EC0-301F-11D3-BF4B-00C04F79EFBC}") = "Task_2", "Task_2\Task_2.csproj", "{6553FACF-D6E7-4A62-A798-028DA7C7A32C}"
EndProject
Global
	GlobalSection(SolutionConfigurationPlatforms) = preSolution
		Debug|Any CPU = Debug|Any CPU
		Release|Any CPU = Release|Any CPU
	EndGlobalSection
	GlobalSection(ProjectConfigurationPlatforms) = postSolution
		{DBC7618C-3521-48A7-8A56-F6EB90CA2E2E}.Debug|Any CPU.ActiveCfg = Debug|Any CPU
		{DBC7618C-3521-48A7-8A56-F6EB90CA2E2E}.Debug|Any CPU.Build.0 = Debug|Any CPU
		{DBC7618C-3521-48A7-8A56-F6EB90CA2E2E}.Release|Any CPU.ActiveCfg = Release|Any CPU
		{DBC7618C-3521-48A7-8A56-F6EB90CA2E2E}.Release|Any CPU.Build.0 = Release|Any CPU
		{6553FACF-D6E7-4A62-A798-028DA7C7A32C}.Debug|Any CPU.ActiveCfg = Debug|Any CPU
		{6553FACF-D6E7-4A62-A798-028DA7C7A32C}.Debug|Any CPU.Build.0 = Debug|Any CPU
		{6553FACF-D6E7-4A62-A798-028DA7C7A32C}.Release|Any CPU.ActiveCfg = Release|Any CPU
		{6553FACF-D6E7-4A62-A798-028DA7C7A32C}.Release|Any CPU.Build.0 = Release|Any CPU
	EndGlobalSection
	GlobalSection(SolutionProperties) = preSolution
		HideSolutionNode = FALSE
	EndGlobalSection
EndGlobal
