
Microsoft Visual Studio Solution File, Format Version 12.00
# Visual Studio 14
VisualStudioVersion = 14.0.25420.1
MinimumVisualStudioVersion = 10.0.40219.1
Project("{FAE04EC0-301F-11D3-BF4B-00C04F79EFBC}") = "Task_1", "Task_1\Task_1.csproj", "{5F2FD5CE-E03A-4709-8D22-20B1BB1F086F}"
EndProject
Project("{FAE04EC0-301F-11D3-BF4B-00C04F79EFBC}") = "UserLibrary", "UserLibrary\UserLibrary.csproj", "{44973CCB-931D-4DF2-BAFB-7F9D8F9B7625}"
EndProject
Global
	GlobalSection(SolutionConfigurationPlatforms) = preSolution
		Debug|Any CPU = Debug|Any CPU
		Release|Any CPU = Release|Any CPU
	EndGlobalSection
	GlobalSection(ProjectConfigurationPlatforms) = postSolution
		{5F2FD5CE-E03A-4709-8D22-20B1BB1F086F}.Debug|Any CPU.ActiveCfg = Debug|Any CPU
		{5F2FD5CE-E03A-4709-8D22-20B1BB1F086F}.Debug|Any CPU.Build.0 = Debug|Any CPU
		{5F2FD5CE-E03A-4709-8D22-20B1BB1F086F}.Release|Any CPU.ActiveCfg = Release|Any CPU
		{5F2FD5CE-E03A-4709-8D22-20B1BB1F086F}.Release|Any CPU.Build.0 = Release|Any CPU
		{44973CCB-931D-4DF2-BAFB-7F9D8F9B7625}.Debug|Any CPU.ActiveCfg = Debug|Any CPU
		{44973CCB-931D-4DF2-BAFB-7F9D8F9B7625}.Debug|Any CPU.Build.0 = Debug|Any CPU
		{44973CCB-931D-4DF2-BAFB-7F9D8F9B7625}.Release|Any CPU.ActiveCfg = Release|Any CPU
		{44973CCB-931D-4DF2-BAFB-7F9D8F9B7625}.Release|Any CPU.Build.0 = Release|Any CPU
	EndGlobalSection
	GlobalSection(SolutionProperties) = preSolution
		HideSolutionNode = FALSE
	EndGlobalSection
EndGlobal
