
Microsoft Visual Studio Solution File, Format Version 12.00
# Visual Studio 14
VisualStudioVersion = 14.0.25420.1
MinimumVisualStudioVersion = 10.0.40219.1
Project("{FAE04EC0-301F-11D3-BF4B-00C04F79EFBC}") = "WCFWebService", "WCFWebService\WCFWebService.csproj", "{3658C32F-1877-4F4B-A0D7-935AC3B15812}"
EndProject
Project("{FAE04EC0-301F-11D3-BF4B-00C04F79EFBC}") = "WCFWebClient", "WCFWebClient\WCFWebClient.csproj", "{D2A6D73B-045B-4E0C-9C0A-4AB625E38D8B}"
	ProjectSection(ProjectDependencies) = postProject
		{3658C32F-1877-4F4B-A0D7-935AC3B15812} = {3658C32F-1877-4F4B-A0D7-935AC3B15812}
	EndProjectSection
EndProject
Global
	GlobalSection(SolutionConfigurationPlatforms) = preSolution
		Debug|Any CPU = Debug|Any CPU
		Release|Any CPU = Release|Any CPU
	EndGlobalSection
	GlobalSection(ProjectConfigurationPlatforms) = postSolution
		{3658C32F-1877-4F4B-A0D7-935AC3B15812}.Debug|Any CPU.ActiveCfg = Debug|Any CPU
		{3658C32F-1877-4F4B-A0D7-935AC3B15812}.Debug|Any CPU.Build.0 = Debug|Any CPU
		{3658C32F-1877-4F4B-A0D7-935AC3B15812}.Release|Any CPU.ActiveCfg = Release|Any CPU
		{3658C32F-1877-4F4B-A0D7-935AC3B15812}.Release|Any CPU.Build.0 = Release|Any CPU
		{D2A6D73B-045B-4E0C-9C0A-4AB625E38D8B}.Debug|Any CPU.ActiveCfg = Debug|Any CPU
		{D2A6D73B-045B-4E0C-9C0A-4AB625E38D8B}.Debug|Any CPU.Build.0 = Debug|Any CPU
		{D2A6D73B-045B-4E0C-9C0A-4AB625E38D8B}.Release|Any CPU.ActiveCfg = Release|Any CPU
		{D2A6D73B-045B-4E0C-9C0A-4AB625E38D8B}.Release|Any CPU.Build.0 = Release|Any CPU
	EndGlobalSection
	GlobalSection(SolutionProperties) = preSolution
		HideSolutionNode = FALSE
	EndGlobalSection
EndGlobal
