
Microsoft Visual Studio Solution File, Format Version 12.00
# Visual Studio 14
VisualStudioVersion = 14.0.25420.1
MinimumVisualStudioVersion = 10.0.40219.1
Project("{FAE04EC0-301F-11D3-BF4B-00C04F79EFBC}") = "Task_1", "Task_1\Task_1.csproj", "{4B36A9FF-AF94-4077-8639-7AB19DF8DEA1}"
EndProject
Project("{FAE04EC0-301F-11D3-BF4B-00C04F79EFBC}") = "Task_2", "Task_2\Task_2.csproj", "{C3AF1DBB-6DBF-4343-A859-953D0F38F610}"
EndProject
Project("{FAE04EC0-301F-11D3-BF4B-00C04F79EFBC}") = "MyLibraryForFigures", "MyLibraryForFigures\MyLibraryForFigures.csproj", "{D25755C4-C185-4A81-9EF8-9378110FF4EC}"
EndProject
Project("{FAE04EC0-301F-11D3-BF4B-00C04F79EFBC}") = "Task_3", "Task_3\Task_3.csproj", "{53203532-25D3-4EA7-9716-29B642F88ABF}"
EndProject
Global
	GlobalSection(SolutionConfigurationPlatforms) = preSolution
		Debug|Any CPU = Debug|Any CPU
		Release|Any CPU = Release|Any CPU
	EndGlobalSection
	GlobalSection(ProjectConfigurationPlatforms) = postSolution
		{4B36A9FF-AF94-4077-8639-7AB19DF8DEA1}.Debug|Any CPU.ActiveCfg = Debug|Any CPU
		{4B36A9FF-AF94-4077-8639-7AB19DF8DEA1}.Debug|Any CPU.Build.0 = Debug|Any CPU
		{4B36A9FF-AF94-4077-8639-7AB19DF8DEA1}.Release|Any CPU.ActiveCfg = Release|Any CPU
		{4B36A9FF-AF94-4077-8639-7AB19DF8DEA1}.Release|Any CPU.Build.0 = Release|Any CPU
		{C3AF1DBB-6DBF-4343-A859-953D0F38F610}.Debug|Any CPU.ActiveCfg = Debug|Any CPU
		{C3AF1DBB-6DBF-4343-A859-953D0F38F610}.Debug|Any CPU.Build.0 = Debug|Any CPU
		{C3AF1DBB-6DBF-4343-A859-953D0F38F610}.Release|Any CPU.ActiveCfg = Release|Any CPU
		{C3AF1DBB-6DBF-4343-A859-953D0F38F610}.Release|Any CPU.Build.0 = Release|Any CPU
		{D25755C4-C185-4A81-9EF8-9378110FF4EC}.Debug|Any CPU.ActiveCfg = Debug|Any CPU
		{D25755C4-C185-4A81-9EF8-9378110FF4EC}.Debug|Any CPU.Build.0 = Debug|Any CPU
		{D25755C4-C185-4A81-9EF8-9378110FF4EC}.Release|Any CPU.ActiveCfg = Release|Any CPU
		{D25755C4-C185-4A81-9EF8-9378110FF4EC}.Release|Any CPU.Build.0 = Release|Any CPU
		{53203532-25D3-4EA7-9716-29B642F88ABF}.Debug|Any CPU.ActiveCfg = Debug|Any CPU
		{53203532-25D3-4EA7-9716-29B642F88ABF}.Debug|Any CPU.Build.0 = Debug|Any CPU
		{53203532-25D3-4EA7-9716-29B642F88ABF}.Release|Any CPU.ActiveCfg = Release|Any CPU
		{53203532-25D3-4EA7-9716-29B642F88ABF}.Release|Any CPU.Build.0 = Release|Any CPU
	EndGlobalSection
	GlobalSection(SolutionProperties) = preSolution
		HideSolutionNode = FALSE
	EndGlobalSection
EndGlobal
